// !$*UTF8*$!
{
	archiveVersion = 1;
	classes = {
	};
	objectVersion = 56;
	objects = {

/* Begin PBXBuildFile section */
		8C043EAC29C23F0000591941 /* SpaceTableViewController.swift in Sources */ = {isa = PBXBuildFile; fileRef = 8C043EAB29C23F0000591941 /* SpaceTableViewController.swift */; };
		8C043EB229C24B6700591941 /* SpaceCellTableViewCell.swift in Sources */ = {isa = PBXBuildFile; fileRef = 8C043EB129C24B6700591941 /* SpaceCellTableViewCell.swift */; };
		8C0DFDF329B0FE1200E8DD36 /* ActionLabel.swift in Sources */ = {isa = PBXBuildFile; fileRef = 8C0DFDF229B0FE1200E8DD36 /* ActionLabel.swift */; };
		8C3C675529C39F8900431801 /* PicsumPhotos.swift in Sources */ = {isa = PBXBuildFile; fileRef = 8C3C675429C39F8900431801 /* PicsumPhotos.swift */; };
		8C7B52F829AE74A40025DCFB /* AppDelegate.swift in Sources */ = {isa = PBXBuildFile; fileRef = 8C7B52F729AE74A40025DCFB /* AppDelegate.swift */; };
		8C7B52FA29AE74A40025DCFB /* SceneDelegate.swift in Sources */ = {isa = PBXBuildFile; fileRef = 8C7B52F929AE74A40025DCFB /* SceneDelegate.swift */; };
		8C7B52FF29AE74A40025DCFB /* Main.storyboard in Resources */ = {isa = PBXBuildFile; fileRef = 8C7B52FD29AE74A40025DCFB /* Main.storyboard */; };
		8C7B530129AE74A50025DCFB /* Assets.xcassets in Resources */ = {isa = PBXBuildFile; fileRef = 8C7B530029AE74A50025DCFB /* Assets.xcassets */; };
		8C7B530429AE74A50025DCFB /* LaunchScreen.storyboard in Resources */ = {isa = PBXBuildFile; fileRef = 8C7B530229AE74A50025DCFB /* LaunchScreen.storyboard */; };
		8C7B530E29AE77650025DCFB /* Model.swift in Sources */ = {isa = PBXBuildFile; fileRef = 8C7B530D29AE77650025DCFB /* Model.swift */; };
		8C7B531029AE81290025DCFB /* CollectionViewController.swift in Sources */ = {isa = PBXBuildFile; fileRef = 8C7B530F29AE81290025DCFB /* CollectionViewController.swift */; };
		8CA285FE29C0F59F0002EB85 /* NetworkManager.swift in Sources */ = {isa = PBXBuildFile; fileRef = 8CA285FD29C0F59F0002EB85 /* NetworkManager.swift */; };
/* End PBXBuildFile section */

/* Begin PBXFileReference section */
		8C043EAB29C23F0000591941 /* SpaceTableViewController.swift */ = {isa = PBXFileReference; lastKnownFileType = sourcecode.swift; path = SpaceTableViewController.swift; sourceTree = "<group>"; };
		8C043EB129C24B6700591941 /* SpaceCellTableViewCell.swift */ = {isa = PBXFileReference; lastKnownFileType = sourcecode.swift; path = SpaceCellTableViewCell.swift; sourceTree = "<group>"; };
		8C0DFDF229B0FE1200E8DD36 /* ActionLabel.swift */ = {isa = PBXFileReference; lastKnownFileType = sourcecode.swift; path = ActionLabel.swift; sourceTree = "<group>"; };
		8C3C675429C39F8900431801 /* PicsumPhotos.swift */ = {isa = PBXFileReference; lastKnownFileType = sourcecode.swift; path = PicsumPhotos.swift; sourceTree = "<group>"; };
		8C7B52F429AE74A40025DCFB /* URLSession Part-1 HM.app */ = {isa = PBXFileReference; explicitFileType = wrapper.application; includeInIndex = 0; path = "URLSession Part-1 HM.app"; sourceTree = BUILT_PRODUCTS_DIR; };
		8C7B52F729AE74A40025DCFB /* AppDelegate.swift */ = {isa = PBXFileReference; lastKnownFileType = sourcecode.swift; path = AppDelegate.swift; sourceTree = "<group>"; };
		8C7B52F929AE74A40025DCFB /* SceneDelegate.swift */ = {isa = PBXFileReference; lastKnownFileType = sourcecode.swift; path = SceneDelegate.swift; sourceTree = "<group>"; };
		8C7B52FE29AE74A40025DCFB /* Base */ = {isa = PBXFileReference; lastKnownFileType = file.storyboard; name = Base; path = Base.lproj/Main.storyboard; sourceTree = "<group>"; };
		8C7B530029AE74A50025DCFB /* Assets.xcassets */ = {isa = PBXFileReference; lastKnownFileType = folder.assetcatalog; path = Assets.xcassets; sourceTree = "<group>"; };
		8C7B530329AE74A50025DCFB /* Base */ = {isa = PBXFileReference; lastKnownFileType = file.storyboard; name = Base; path = Base.lproj/LaunchScreen.storyboard; sourceTree = "<group>"; };
		8C7B530529AE74A50025DCFB /* Info.plist */ = {isa = PBXFileReference; lastKnownFileType = text.plist.xml; path = Info.plist; sourceTree = "<group>"; };
		8C7B530D29AE77650025DCFB /* Model.swift */ = {isa = PBXFileReference; lastKnownFileType = sourcecode.swift; path = Model.swift; sourceTree = "<group>"; };
		8C7B530F29AE81290025DCFB /* CollectionViewController.swift */ = {isa = PBXFileReference; lastKnownFileType = sourcecode.swift; path = CollectionViewController.swift; sourceTree = "<group>"; };
		8CA285FD29C0F59F0002EB85 /* NetworkManager.swift */ = {isa = PBXFileReference; lastKnownFileType = sourcecode.swift; path = NetworkManager.swift; sourceTree = "<group>"; };
/* End PBXFileReference section */

/* Begin PBXFrameworksBuildPhase section */
		8C7B52F129AE74A40025DCFB /* Frameworks */ = {
			isa = PBXFrameworksBuildPhase;
			buildActionMask = 2147483647;
			files = (
			);
			runOnlyForDeploymentPostprocessing = 0;
		};
/* End PBXFrameworksBuildPhase section */

/* Begin PBXGroup section */
		8C0DFDF429B12A5500E8DD36 /* Models */ = {
			isa = PBXGroup;
			children = (
				8C7B530D29AE77650025DCFB /* Model.swift */,
			);
			path = Models;
			sourceTree = "<group>";
		};
		8C0DFDF529B12A7B00E8DD36 /* ViewControllers */ = {
			isa = PBXGroup;
			children = (
				8C7B530F29AE81290025DCFB /* CollectionViewController.swift */,
				8C043EAB29C23F0000591941 /* SpaceTableViewController.swift */,
				8C043EB129C24B6700591941 /* SpaceCellTableViewCell.swift */,
				8C3C675429C39F8900431801 /* PicsumPhotos.swift */,
			);
			path = ViewControllers;
			sourceTree = "<group>";
		};
		8C0DFDF629B12AA300E8DD36 /* App */ = {
			isa = PBXGroup;
			children = (
				8C7B52F729AE74A40025DCFB /* AppDelegate.swift */,
			);
			path = App;
			sourceTree = "<group>";
		};
		8C0DFDF729B12AC200E8DD36 /* Resourses */ = {
			isa = PBXGroup;
			children = (
				8C7B530029AE74A50025DCFB /* Assets.xcassets */,
			);
			path = Resourses;
			sourceTree = "<group>";
		};
		8C0DFDF829B12AFD00E8DD36 /* View */ = {
			isa = PBXGroup;
			children = (
				8C0DFDF229B0FE1200E8DD36 /* ActionLabel.swift */,
			);
			path = View;
			sourceTree = "<group>";
		};
		8C0DFDF929B12B1000E8DD36 /* StoryBoard */ = {
			isa = PBXGroup;
			children = (
				8C7B52FD29AE74A40025DCFB /* Main.storyboard */,
				8C7B530229AE74A50025DCFB /* LaunchScreen.storyboard */,
			);
			path = StoryBoard;
			sourceTree = "<group>";
		};
		8C0DFDFA29B12B2500E8DD36 /* Scene */ = {
			isa = PBXGroup;
			children = (
				8C7B52F929AE74A40025DCFB /* SceneDelegate.swift */,
			);
			path = Scene;
			sourceTree = "<group>";
		};
		8C3C675629C3A6C700431801 /* NetworkAPI */ = {
			isa = PBXGroup;
			children = (
				8CA285FD29C0F59F0002EB85 /* NetworkManager.swift */,
			);
			path = NetworkAPI;
			sourceTree = "<group>";
		};
		8C7B52EB29AE74A40025DCFB = {
			isa = PBXGroup;
			children = (
				8C7B52F629AE74A40025DCFB /* URLSession Part-1 HM */,
				8C7B52F529AE74A40025DCFB /* Products */,
			);
			sourceTree = "<group>";
		};
		8C7B52F529AE74A40025DCFB /* Products */ = {
			isa = PBXGroup;
			children = (
				8C7B52F429AE74A40025DCFB /* URLSession Part-1 HM.app */,
			);
			name = Products;
			sourceTree = "<group>";
		};
		8C7B52F629AE74A40025DCFB /* URLSession Part-1 HM */ = {
			isa = PBXGroup;
			children = (
				8C0DFDF529B12A7B00E8DD36 /* ViewControllers */,
				8C3C675629C3A6C700431801 /* NetworkAPI */,
				8C0DFDF429B12A5500E8DD36 /* Models */,
				8C0DFDF829B12AFD00E8DD36 /* View */,
				8C0DFDF929B12B1000E8DD36 /* StoryBoard */,
				8C0DFDF629B12AA300E8DD36 /* App */,
				8C0DFDFA29B12B2500E8DD36 /* Scene */,
				8C0DFDF729B12AC200E8DD36 /* Resourses */,
				8C7B530529AE74A50025DCFB /* Info.plist */,
			);
			path = "URLSession Part-1 HM";
			sourceTree = "<group>";
		};
/* End PBXGroup section */

/* Begin PBXNativeTarget section */
		8C7B52F329AE74A40025DCFB /* URLSession Part-1 HM */ = {
			isa = PBXNativeTarget;
			buildConfigurationList = 8C7B530829AE74A50025DCFB /* Build configuration list for PBXNativeTarget "URLSession Part-1 HM" */;
			buildPhases = (
				8C7B52F029AE74A40025DCFB /* Sources */,
				8C7B52F129AE74A40025DCFB /* Frameworks */,
				8C7B52F229AE74A40025DCFB /* Resources */,
			);
			buildRules = (
			);
			dependencies = (
			);
			name = "URLSession Part-1 HM";
			productName = "URLSession Part-1 HM";
			productReference = 8C7B52F429AE74A40025DCFB /* URLSession Part-1 HM.app */;
			productType = "com.apple.product-type.application";
		};
/* End PBXNativeTarget section */

/* Begin PBXProject section */
		8C7B52EC29AE74A40025DCFB /* Project object */ = {
			isa = PBXProject;
			attributes = {
				BuildIndependentTargetsInParallel = 1;
				LastSwiftUpdateCheck = 1410;
				LastUpgradeCheck = 1410;
				TargetAttributes = {
					8C7B52F329AE74A40025DCFB = {
						CreatedOnToolsVersion = 14.1;
					};
				};
			};
			buildConfigurationList = 8C7B52EF29AE74A40025DCFB /* Build configuration list for PBXProject "URLSession Part-1 HM" */;
			compatibilityVersion = "Xcode 14.0";
			developmentRegion = en;
			hasScannedForEncodings = 0;
			knownRegions = (
				en,
				Base,
			);
			mainGroup = 8C7B52EB29AE74A40025DCFB;
			productRefGroup = 8C7B52F529AE74A40025DCFB /* Products */;
			projectDirPath = "";
			projectRoot = "";
			targets = (
				8C7B52F329AE74A40025DCFB /* URLSession Part-1 HM */,
			);
		};
/* End PBXProject section */

/* Begin PBXResourcesBuildPhase section */
		8C7B52F229AE74A40025DCFB /* Resources */ = {
			isa = PBXResourcesBuildPhase;
			buildActionMask = 2147483647;
			files = (
				8C7B530429AE74A50025DCFB /* LaunchScreen.storyboard in Resources */,
				8C7B530129AE74A50025DCFB /* Assets.xcassets in Resources */,
				8C7B52FF29AE74A40025DCFB /* Main.storyboard in Resources */,
			);
			runOnlyForDeploymentPostprocessing = 0;
		};
/* End PBXResourcesBuildPhase section */

/* Begin PBXSourcesBuildPhase section */
		8C7B52F029AE74A40025DCFB /* Sources */ = {
			isa = PBXSourcesBuildPhase;
			buildActionMask = 2147483647;
			files = (
				8CA285FE29C0F59F0002EB85 /* NetworkManager.swift in Sources */,
				8C7B531029AE81290025DCFB /* CollectionViewController.swift in Sources */,
				8C7B52F829AE74A40025DCFB /* AppDelegate.swift in Sources */,
				8C7B52FA29AE74A40025DCFB /* SceneDelegate.swift in Sources */,
				8C7B530E29AE77650025DCFB /* Model.swift in Sources */,
				8C043EAC29C23F0000591941 /* SpaceTableViewController.swift in Sources */,
				8C043EB229C24B6700591941 /* SpaceCellTableViewCell.swift in Sources */,
				8C3C675529C39F8900431801 /* PicsumPhotos.swift in Sources */,
				8C0DFDF329B0FE1200E8DD36 /* ActionLabel.swift in Sources */,
			);
			runOnlyForDeploymentPostprocessing = 0;
		};
/* End PBXSourcesBuildPhase section */

/* Begin PBXVariantGroup section */
		8C7B52FD29AE74A40025DCFB /* Main.storyboard */ = {
			isa = PBXVariantGroup;
			children = (
				8C7B52FE29AE74A40025DCFB /* Base */,
			);
			name = Main.storyboard;
			sourceTree = "<group>";
		};
		8C7B530229AE74A50025DCFB /* LaunchScreen.storyboard */ = {
			isa = PBXVariantGroup;
			children = (
				8C7B530329AE74A50025DCFB /* Base */,
			);
			name = LaunchScreen.storyboard;
			sourceTree = "<group>";
		};
/* End PBXVariantGroup section */

/* Begin XCBuildConfiguration section */
		8C7B530629AE74A50025DCFB /* Debug */ = {
			isa = XCBuildConfiguration;
			buildSettings = {
				ALWAYS_SEARCH_USER_PATHS = NO;
				CLANG_ANALYZER_NONNULL = YES;
				CLANG_ANALYZER_NUMBER_OBJECT_CONVERSION = YES_AGGRESSIVE;
				CLANG_CXX_LANGUAGE_STANDARD = "gnu++20";
				CLANG_ENABLE_MODULES = YES;
				CLANG_ENABLE_OBJC_ARC = YES;
				CLANG_ENABLE_OBJC_WEAK = YES;
				CLANG_WARN_BLOCK_CAPTURE_AUTORELEASING = YES;
				CLANG_WARN_BOOL_CONVERSION = YES;
				CLANG_WARN_COMMA = YES;
				CLANG_WARN_CONSTANT_CONVERSION = YES;
				CLANG_WARN_DEPRECATED_OBJC_IMPLEMENTATIONS = YES;
				CLANG_WARN_DIRECT_OBJC_ISA_USAGE = YES_ERROR;
				CLANG_WARN_DOCUMENTATION_COMMENTS = YES;
				CLANG_WARN_EMPTY_BODY = YES;
				CLANG_WARN_ENUM_CONVERSION = YES;
				CLANG_WARN_INFINITE_RECURSION = YES;
				CLANG_WARN_INT_CONVERSION = YES;
				CLANG_WARN_NON_LITERAL_NULL_CONVERSION = YES;
				CLANG_WARN_OBJC_IMPLICIT_RETAIN_SELF = YES;
				CLANG_WARN_OBJC_LITERAL_CONVERSION = YES;
				CLANG_WARN_OBJC_ROOT_CLASS = YES_ERROR;
				CLANG_WARN_QUOTED_INCLUDE_IN_FRAMEWORK_HEADER = YES;
				CLANG_WARN_RANGE_LOOP_ANALYSIS = YES;
				CLANG_WARN_STRICT_PROTOTYPES = YES;
				CLANG_WARN_SUSPICIOUS_MOVE = YES;
				CLANG_WARN_UNGUARDED_AVAILABILITY = YES_AGGRESSIVE;
				CLANG_WARN_UNREACHABLE_CODE = YES;
				CLANG_WARN__DUPLICATE_METHOD_MATCH = YES;
				COPY_PHASE_STRIP = NO;
				DEBUG_INFORMATION_FORMAT = dwarf;
				ENABLE_STRICT_OBJC_MSGSEND = YES;
				ENABLE_TESTABILITY = YES;
				GCC_C_LANGUAGE_STANDARD = gnu11;
				GCC_DYNAMIC_NO_PIC = NO;
				GCC_NO_COMMON_BLOCKS = YES;
				GCC_OPTIMIZATION_LEVEL = 0;
				GCC_PREPROCESSOR_DEFINITIONS = (
					"DEBUG=1",
					"$(inherited)",
				);
				GCC_WARN_64_TO_32_BIT_CONVERSION = YES;
				GCC_WARN_ABOUT_RETURN_TYPE = YES_ERROR;
				GCC_WARN_UNDECLARED_SELECTOR = YES;
				GCC_WARN_UNINITIALIZED_AUTOS = YES_AGGRESSIVE;
				GCC_WARN_UNUSED_FUNCTION = YES;
				GCC_WARN_UNUSED_VARIABLE = YES;
				IPHONEOS_DEPLOYMENT_TARGET = 16.1;
				MTL_ENABLE_DEBUG_INFO = INCLUDE_SOURCE;
				MTL_FAST_MATH = YES;
				ONLY_ACTIVE_ARCH = YES;
				SDKROOT = iphoneos;
				SWIFT_ACTIVE_COMPILATION_CONDITIONS = DEBUG;
				SWIFT_OPTIMIZATION_LEVEL = "-Onone";
			};
			name = Debug;
		};
		8C7B530729AE74A50025DCFB /* Release */ = {
			isa = XCBuildConfiguration;
			buildSettings = {
				ALWAYS_SEARCH_USER_PATHS = NO;
				CLANG_ANALYZER_NONNULL = YES;
				CLANG_ANALYZER_NUMBER_OBJECT_CONVERSION = YES_AGGRESSIVE;
				CLANG_CXX_LANGUAGE_STANDARD = "gnu++20";
				CLANG_ENABLE_MODULES = YES;
				CLANG_ENABLE_OBJC_ARC = YES;
				CLANG_ENABLE_OBJC_WEAK = YES;
				CLANG_WARN_BLOCK_CAPTURE_AUTORELEASING = YES;
				CLANG_WARN_BOOL_CONVERSION = YES;
				CLANG_WARN_COMMA = YES;
				CLANG_WARN_CONSTANT_CONVERSION = YES;
				CLANG_WARN_DEPRECATED_OBJC_IMPLEMENTATIONS = YES;
				CLANG_WARN_DIRECT_OBJC_ISA_USAGE = YES_ERROR;
				CLANG_WARN_DOCUMENTATION_COMMENTS = YES;
				CLANG_WARN_EMPTY_BODY = YES;
				CLANG_WARN_ENUM_CONVERSION = YES;
				CLANG_WARN_INFINITE_RECURSION = YES;
				CLANG_WARN_INT_CONVERSION = YES;
				CLANG_WARN_NON_LITERAL_NULL_CONVERSION = YES;
				CLANG_WARN_OBJC_IMPLICIT_RETAIN_SELF = YES;
				CLANG_WARN_OBJC_LITERAL_CONVERSION = YES;
				CLANG_WARN_OBJC_ROOT_CLASS = YES_ERROR;
				CLANG_WARN_QUOTED_INCLUDE_IN_FRAMEWORK_HEADER = YES;
				CLANG_WARN_RANGE_LOOP_ANALYSIS = YES;
				CLANG_WARN_STRICT_PROTOTYPES = YES;
				CLANG_WARN_SUSPICIOUS_MOVE = YES;
				CLANG_WARN_UNGUARDED_AVAILABILITY = YES_AGGRESSIVE;
				CLANG_WARN_UNREACHABLE_CODE = YES;
				CLANG_WARN__DUPLICATE_METHOD_MATCH = YES;
				COPY_PHASE_STRIP = NO;
				DEBUG_INFORMATION_FORMAT = "dwarf-with-dsym";
				ENABLE_NS_ASSERTIONS = NO;
				ENABLE_STRICT_OBJC_MSGSEND = YES;
				GCC_C_LANGUAGE_STANDARD = gnu11;
				GCC_NO_COMMON_BLOCKS = YES;
				GCC_WARN_64_TO_32_BIT_CONVERSION = YES;
				GCC_WARN_ABOUT_RETURN_TYPE = YES_ERROR;
				GCC_WARN_UNDECLARED_SELECTOR = YES;
				GCC_WARN_UNINITIALIZED_AUTOS = YES_AGGRESSIVE;
				GCC_WARN_UNUSED_FUNCTION = YES;
				GCC_WARN_UNUSED_VARIABLE = YES;
				IPHONEOS_DEPLOYMENT_TARGET = 16.1;
				MTL_ENABLE_DEBUG_INFO = NO;
				MTL_FAST_MATH = YES;
				SDKROOT = iphoneos;
				SWIFT_COMPILATION_MODE = wholemodule;
				SWIFT_OPTIMIZATION_LEVEL = "-O";
				VALIDATE_PRODUCT = YES;
			};
			name = Release;
		};
		8C7B530929AE74A50025DCFB /* Debug */ = {
			isa = XCBuildConfiguration;
			buildSettings = {
				ASSETCATALOG_COMPILER_APPICON_NAME = AppIcon;
				ASSETCATALOG_COMPILER_GLOBAL_ACCENT_COLOR_NAME = AccentColor;
				CODE_SIGN_STYLE = Automatic;
				CURRENT_PROJECT_VERSION = 1;
				GENERATE_INFOPLIST_FILE = YES;
				INFOPLIST_FILE = "URLSession Part-1 HM/Info.plist";
				INFOPLIST_KEY_UIApplicationSupportsIndirectInputEvents = YES;
				INFOPLIST_KEY_UILaunchStoryboardName = LaunchScreen;
				INFOPLIST_KEY_UIMainStoryboardFile = Main;
				INFOPLIST_KEY_UISupportedInterfaceOrientations_iPad = "UIInterfaceOrientationPortrait UIInterfaceOrientationPortraitUpsideDown UIInterfaceOrientationLandscapeLeft UIInterfaceOrientationLandscapeRight";
				INFOPLIST_KEY_UISupportedInterfaceOrientations_iPhone = "UIInterfaceOrientationPortrait UIInterfaceOrientationLandscapeLeft UIInterfaceOrientationLandscapeRight";
				LD_RUNPATH_SEARCH_PATHS = (
					"$(inherited)",
					"@executable_path/Frameworks",
				);
				MARKETING_VERSION = 1.0;
				PRODUCT_BUNDLE_IDENTIFIER = "Tatarax.URLSession-Part-1-HM";
				PRODUCT_NAME = "$(TARGET_NAME)";
				SUPPORTED_PLATFORMS = "iphoneos iphonesimulator";
				SUPPORTS_MACCATALYST = NO;
				SUPPORTS_MAC_DESIGNED_FOR_IPHONE_IPAD = NO;
				SWIFT_EMIT_LOC_STRINGS = YES;
				SWIFT_VERSION = 5.0;
				TARGETED_DEVICE_FAMILY = 1;
			};
			name = Debug;
		};
		8C7B530A29AE74A50025DCFB /* Release */ = {
			isa = XCBuildConfiguration;
			buildSettings = {
				ASSETCATALOG_COMPILER_APPICON_NAME = AppIcon;
				ASSETCATALOG_COMPILER_GLOBAL_ACCENT_COLOR_NAME = AccentColor;
				CODE_SIGN_STYLE = Automatic;
				CURRENT_PROJECT_VERSION = 1;
				GENERATE_INFOPLIST_FILE = YES;
				INFOPLIST_FILE = "URLSession Part-1 HM/Info.plist";
				INFOPLIST_KEY_UIApplicationSupportsIndirectInputEvents = YES;
				INFOPLIST_KEY_UILaunchStoryboardName = LaunchScreen;
				INFOPLIST_KEY_UIMainStoryboardFile = Main;
				INFOPLIST_KEY_UISupportedInterfaceOrientations_iPad = "UIInterfaceOrientationPortrait UIInterfaceOrientationPortraitUpsideDown UIInterfaceOrientationLandscapeLeft UIInterfaceOrientationLandscapeRight";
				INFOPLIST_KEY_UISupportedInterfaceOrientations_iPhone = "UIInterfaceOrientationPortrait UIInterfaceOrientationLandscapeLeft UIInterfaceOrientationLandscapeRight";
				LD_RUNPATH_SEARCH_PATHS = (
					"$(inherited)",
					"@executable_path/Frameworks",
				);
				MARKETING_VERSION = 1.0;
				PRODUCT_BUNDLE_IDENTIFIER = "Tatarax.URLSession-Part-1-HM";
				PRODUCT_NAME = "$(TARGET_NAME)";
				SUPPORTED_PLATFORMS = "iphoneos iphonesimulator";
				SUPPORTS_MACCATALYST = NO;
				SUPPORTS_MAC_DESIGNED_FOR_IPHONE_IPAD = NO;
				SWIFT_EMIT_LOC_STRINGS = YES;
				SWIFT_VERSION = 5.0;
				TARGETED_DEVICE_FAMILY = 1;
			};
			name = Release;
		};
/* End XCBuildConfiguration section */

/* Begin XCConfigurationList section */
		8C7B52EF29AE74A40025DCFB /* Build configuration list for PBXProject "URLSession Part-1 HM" */ = {
			isa = XCConfigurationList;
			buildConfigurations = (
				8C7B530629AE74A50025DCFB /* Debug */,
				8C7B530729AE74A50025DCFB /* Release */,
			);
			defaultConfigurationIsVisible = 0;
			defaultConfigurationName = Release;
		};
		8C7B530829AE74A50025DCFB /* Build configuration list for PBXNativeTarget "URLSession Part-1 HM" */ = {
			isa = XCConfigurationList;
			buildConfigurations = (
				8C7B530929AE74A50025DCFB /* Debug */,
				8C7B530A29AE74A50025DCFB /* Release */,
			);
			defaultConfigurationIsVisible = 0;
			defaultConfigurationName = Release;
		};
/* End XCConfigurationList section */
	};
	rootObject = 8C7B52EC29AE74A40025DCFB /* Project object */;
}
